# This file is automatically @generated by Cargo.
# It is not intended for manual editing.
[[package]]
name = "file_diff"
version = "1.0.0"
source = "registry+https://github.com/rust-lang/crates.io-index"
checksum = "31a7a908b8f32538a2143e59a6e4e2508988832d5d4d6f7c156b3cbc762643a5"

[[package]]
name = "whatislife_enum"
version = "0.1.0"
dependencies = [
 "file_diff",
]
